
Microsoft Visual Studio Solution File, Format Version 12.00
# Visual Studio Version 17
VisualStudioVersion = 17.10.35004.147
MinimumVisualStudioVersion = 10.0.40219.1
Project("{FAE04EC0-301F-11D3-BF4B-00C04F79EFBC}") = "TutorialMVC", "TutorialMVC.csproj", "{E081F1EE-1538-4021-A5C3-D1FE6154A284}"
EndProject
Global
	GlobalSection(SolutionConfigurationPlatforms) = preSolution
		Debug|Any CPU = Debug|Any CPU
		Release|Any CPU = Release|Any CPU
	EndGlobalSection
	GlobalSection(ProjectConfigurationPlatforms) = postSolution
		{E081F1EE-1538-4021-A5C3-D1FE6154A284}.Debug|Any CPU.ActiveCfg = Debug|Any CPU
		{E081F1EE-1538-4021-A5C3-D1FE6154A284}.Debug|Any CPU.Build.0 = Debug|Any CPU
		{E081F1EE-1538-4021-A5C3-D1FE6154A284}.Release|Any CPU.ActiveCfg = Release|Any CPU
		{E081F1EE-1538-4021-A5C3-D1FE6154A284}.Release|Any CPU.Build.0 = Release|Any CPU
	EndGlobalSection
	GlobalSection(SolutionProperties) = preSolution
		HideSolutionNode = FALSE
	EndGlobalSection
	GlobalSection(ExtensibilityGlobals) = postSolution
		SolutionGuid = {36CCEAAC-AADD-455A-9D12-DE1A20D64162}
	EndGlobalSection
EndGlobal
